// !$*UTF8*$!
{
	archiveVersion = 1;
	classes = {
	};
	objectVersion = 56;
	objects = {

/* Begin PBXBuildFile section */
		D30374792BB3673E00E89FB7 /* Defaults.swift in Sources */ = {isa = PBXBuildFile; fileRef = D30374782BB3673E00E89FB7 /* Defaults.swift */; };
		D304E09C2D15E19500CB85FA /* SelectQuestionTableViewCell.swift in Sources */ = {isa = PBXBuildFile; fileRef = D304E09A2D15E19500CB85FA /* SelectQuestionTableViewCell.swift */; };
		D304E09D2D15E19500CB85FA /* SelectQuestionTableViewCell.xib in Resources */ = {isa = PBXBuildFile; fileRef = D304E09B2D15E19500CB85FA /* SelectQuestionTableViewCell.xib */; };
		D30B792A2B0ACC71007606C8 /* SelectPeopleViewController.swift in Sources */ = {isa = PBXBuildFile; fileRef = D30B79292B0ACC71007606C8 /* SelectPeopleViewController.swift */; };
		D30B792C2B0ADEE6007606C8 /* Person.swift in Sources */ = {isa = PBXBuildFile; fileRef = D30B792B2B0ADEE6007606C8 /* Person.swift */; };
		D30DC8522D2731B0001F8395 /* CoreInfoViewController.swift in Sources */ = {isa = PBXBuildFile; fileRef = D30DC8512D2731B0001F8395 /* CoreInfoViewController.swift */; };
		D321AA352B680502001B17EA /* PollHelper.swift in Sources */ = {isa = PBXBuildFile; fileRef = D321AA342B680502001B17EA /* PollHelper.swift */; };
		D3238FF72D88D108009F5BBD /* MyProfileViewController.swift in Sources */ = {isa = PBXBuildFile; fileRef = D3238FF62D88D108009F5BBD /* MyProfileViewController.swift */; };
		D32C5EA72B13C32700E102D2 /* 3rdPlace.png in Resources */ = {isa = PBXBuildFile; fileRef = D367DC6D2B0BF39C00A8B6A1 /* 3rdPlace.png */; };
		D32C5EA82B13C32700E102D2 /* 2ndPlace.png in Resources */ = {isa = PBXBuildFile; fileRef = D367DC772B0BF39C00A8B6A1 /* 2ndPlace.png */; };
		D32C5EA92B13C32700E102D2 /* Did you tell them?.png in Resources */ = {isa = PBXBuildFile; fileRef = D367DC712B0BF39C00A8B6A1 /* Did you tell them?.png */; };
		D32C5EAA2B13C32700E102D2 /* Gamenight Logo.png in Resources */ = {isa = PBXBuildFile; fileRef = D367DC702B0BF39C00A8B6A1 /* Gamenight Logo.png */; };
		D32C5EAB2B13C32700E102D2 /* Red Team.png in Resources */ = {isa = PBXBuildFile; fileRef = D367DC752B0BF39C00A8B6A1 /* Red Team.png */; };
		D32C5EAC2B13C32700E102D2 /* Too Bad.png in Resources */ = {isa = PBXBuildFile; fileRef = D367DC692B0BF39C00A8B6A1 /* Too Bad.png */; };
		D32C5EAD2B13C32700E102D2 /* Nice Try.png in Resources */ = {isa = PBXBuildFile; fileRef = D367DC6B2B0BF39C00A8B6A1 /* Nice Try.png */; };
		D32C5EAE2B13C32700E102D2 /* ‎Let's Coast Logo.png in Resources */ = {isa = PBXBuildFile; fileRef = D367DC6A2B0BF39C00A8B6A1 /* ‎Let's Coast Logo.png */; };
		D32C5EAF2B13C32700E102D2 /* Get Outta Here.png in Resources */ = {isa = PBXBuildFile; fileRef = D367DC722B0BF39C00A8B6A1 /* Get Outta Here.png */; };
		D32C5EB02B13C32700E102D2 /* I'm so high rn.png in Resources */ = {isa = PBXBuildFile; fileRef = D367DC7C2B0BF39C00A8B6A1 /* I'm so high rn.png */; };
		D32C5EB12B13C32700E102D2 /* It's Gamenight.png in Resources */ = {isa = PBXBuildFile; fileRef = D367DC6E2B0BF39C00A8B6A1 /* It's Gamenight.png */; };
		D32C5EB22B13C32700E102D2 /* YouTried.png in Resources */ = {isa = PBXBuildFile; fileRef = D367DC782B0BF39C00A8B6A1 /* YouTried.png */; };
		D32C5EB32B13C32700E102D2 /* Good Dinner.png in Resources */ = {isa = PBXBuildFile; fileRef = D367DC6C2B0BF39C00A8B6A1 /* Good Dinner.png */; };
		D32C5EB42B13C32700E102D2 /* It's Intermission.png in Resources */ = {isa = PBXBuildFile; fileRef = D367DC762B0BF39C00A8B6A1 /* It's Intermission.png */; };
		D32C5EB52B13C32700E102D2 /* idk timezones.png in Resources */ = {isa = PBXBuildFile; fileRef = D367DC742B0BF39C00A8B6A1 /* idk timezones.png */; };
		D32C5EB62B13C32700E102D2 /* Plus Six.png in Resources */ = {isa = PBXBuildFile; fileRef = D367DC792B0BF39C00A8B6A1 /* Plus Six.png */; };
		D32C5EB72B13C32700E102D2 /* Youre Welcome.png in Resources */ = {isa = PBXBuildFile; fileRef = D367DC7B2B0BF39C00A8B6A1 /* Youre Welcome.png */; };
		D32C5EB82B13C32700E102D2 /* Blue Team.png in Resources */ = {isa = PBXBuildFile; fileRef = D367DC732B0BF39C00A8B6A1 /* Blue Team.png */; };
		D32C5EB92B13C32700E102D2 /* 1stPlace.png in Resources */ = {isa = PBXBuildFile; fileRef = D367DC7A2B0BF39C00A8B6A1 /* 1stPlace.png */; };
		D32C5EBA2B13C32700E102D2 /* Bad Dinner.png in Resources */ = {isa = PBXBuildFile; fileRef = D367DC6F2B0BF39C00A8B6A1 /* Bad Dinner.png */; };
		D32C5EBB2B13C32700E102D2 /* 3rdPlace.png in Resources */ = {isa = PBXBuildFile; fileRef = D367DC6D2B0BF39C00A8B6A1 /* 3rdPlace.png */; };
		D32C5EBC2B13C32700E102D2 /* 2ndPlace.png in Resources */ = {isa = PBXBuildFile; fileRef = D367DC772B0BF39C00A8B6A1 /* 2ndPlace.png */; };
		D32C5EBD2B13C32700E102D2 /* Did you tell them?.png in Resources */ = {isa = PBXBuildFile; fileRef = D367DC712B0BF39C00A8B6A1 /* Did you tell them?.png */; };
		D32C5EBE2B13C32700E102D2 /* Gamenight Logo.png in Resources */ = {isa = PBXBuildFile; fileRef = D367DC702B0BF39C00A8B6A1 /* Gamenight Logo.png */; };
		D32C5EBF2B13C32700E102D2 /* Red Team.png in Resources */ = {isa = PBXBuildFile; fileRef = D367DC752B0BF39C00A8B6A1 /* Red Team.png */; };
		D32C5EC02B13C32700E102D2 /* Too Bad.png in Resources */ = {isa = PBXBuildFile; fileRef = D367DC692B0BF39C00A8B6A1 /* Too Bad.png */; };
		D32C5EC12B13C32700E102D2 /* Nice Try.png in Resources */ = {isa = PBXBuildFile; fileRef = D367DC6B2B0BF39C00A8B6A1 /* Nice Try.png */; };
		D32C5EC22B13C32700E102D2 /* ‎Let's Coast Logo.png in Resources */ = {isa = PBXBuildFile; fileRef = D367DC6A2B0BF39C00A8B6A1 /* ‎Let's Coast Logo.png */; };
		D32C5EC32B13C32700E102D2 /* Get Outta Here.png in Resources */ = {isa = PBXBuildFile; fileRef = D367DC722B0BF39C00A8B6A1 /* Get Outta Here.png */; };
		D32C5EC42B13C32700E102D2 /* I'm so high rn.png in Resources */ = {isa = PBXBuildFile; fileRef = D367DC7C2B0BF39C00A8B6A1 /* I'm so high rn.png */; };
		D32C5EC52B13C32700E102D2 /* It's Gamenight.png in Resources */ = {isa = PBXBuildFile; fileRef = D367DC6E2B0BF39C00A8B6A1 /* It's Gamenight.png */; };
		D32C5EC62B13C32700E102D2 /* YouTried.png in Resources */ = {isa = PBXBuildFile; fileRef = D367DC782B0BF39C00A8B6A1 /* YouTried.png */; };
		D32C5EC72B13C32700E102D2 /* Good Dinner.png in Resources */ = {isa = PBXBuildFile; fileRef = D367DC6C2B0BF39C00A8B6A1 /* Good Dinner.png */; };
		D32C5EC82B13C32700E102D2 /* It's Intermission.png in Resources */ = {isa = PBXBuildFile; fileRef = D367DC762B0BF39C00A8B6A1 /* It's Intermission.png */; };
		D32C5EC92B13C32700E102D2 /* idk timezones.png in Resources */ = {isa = PBXBuildFile; fileRef = D367DC742B0BF39C00A8B6A1 /* idk timezones.png */; };
		D32C5ECA2B13C32700E102D2 /* Plus Six.png in Resources */ = {isa = PBXBuildFile; fileRef = D367DC792B0BF39C00A8B6A1 /* Plus Six.png */; };
		D32C5ECB2B13C32700E102D2 /* Youre Welcome.png in Resources */ = {isa = PBXBuildFile; fileRef = D367DC7B2B0BF39C00A8B6A1 /* Youre Welcome.png */; };
		D32C5ECC2B13C32700E102D2 /* Blue Team.png in Resources */ = {isa = PBXBuildFile; fileRef = D367DC732B0BF39C00A8B6A1 /* Blue Team.png */; };
		D32C5ECD2B13C32700E102D2 /* 1stPlace.png in Resources */ = {isa = PBXBuildFile; fileRef = D367DC7A2B0BF39C00A8B6A1 /* 1stPlace.png */; };
		D32C5ECE2B13C32700E102D2 /* Bad Dinner.png in Resources */ = {isa = PBXBuildFile; fileRef = D367DC6F2B0BF39C00A8B6A1 /* Bad Dinner.png */; };
		D32C5ED02B13CD6500E102D2 /* PieChartView.swift in Sources */ = {isa = PBXBuildFile; fileRef = D32C5ECF2B13CD6500E102D2 /* PieChartView.swift */; };
		D32C9C142AF30FF9000D25CD /* Randomizer.swift in Sources */ = {isa = PBXBuildFile; fileRef = D32C9C132AF30FF9000D25CD /* Randomizer.swift */; };
		D32D7C9F2D13589C0078E788 /* TriviaTableViewCell.swift in Sources */ = {isa = PBXBuildFile; fileRef = D32D7C9D2D13589C0078E788 /* TriviaTableViewCell.swift */; };
		D32D7CA02D13589C0078E788 /* TriviaTableViewCell.xib in Resources */ = {isa = PBXBuildFile; fileRef = D32D7C9E2D13589C0078E788 /* TriviaTableViewCell.xib */; };
		D3366FE82D483B3B008C627C /* UIViewExtension.swift in Sources */ = {isa = PBXBuildFile; fileRef = D3366FE72D483B3B008C627C /* UIViewExtension.swift */; };
		D33D0CFC2AD9888500A5099A /* Assets.xcassets in Resources */ = {isa = PBXBuildFile; fileRef = D33D0CFB2AD9888500A5099A /* Assets.xcassets */; };
		D33D0D022AD9888500A5099A /* It's Game Night.appex in Embed Foundation Extensions */ = {isa = PBXBuildFile; fileRef = D33D0D012AD9888500A5099A /* It's Game Night.appex */; settings = {ATTRIBUTES = (RemoveHeadersOnCopy, ); }; };
		D33D0D072AD9888500A5099A /* Messages.framework in Frameworks */ = {isa = PBXBuildFile; fileRef = D33D0D062AD9888500A5099A /* Messages.framework */; };
		D33D0D0A2AD9888500A5099A /* MessagesViewController.swift in Sources */ = {isa = PBXBuildFile; fileRef = D33D0D092AD9888500A5099A /* MessagesViewController.swift */; };
		D33D0D0D2AD9888500A5099A /* MainInterface.storyboard in Resources */ = {isa = PBXBuildFile; fileRef = D33D0D0B2AD9888500A5099A /* MainInterface.storyboard */; };
		D33D0D0F2AD9888700A5099A /* Assets.xcassets in Resources */ = {isa = PBXBuildFile; fileRef = D33D0D0E2AD9888700A5099A /* Assets.xcassets */; };
		D33D0D1B2AD988D300A5099A /* StickerViewController.swift in Sources */ = {isa = PBXBuildFile; fileRef = D33D0D1A2AD988D300A5099A /* StickerViewController.swift */; };
		D33D0D1C2AD9890500A5099A /* Assets.xcassets in Resources */ = {isa = PBXBuildFile; fileRef = D33D0D0E2AD9888700A5099A /* Assets.xcassets */; };
		D33D0D1D2AD98A6900A5099A /* Assets.xcassets in Resources */ = {isa = PBXBuildFile; fileRef = D33D0CFB2AD9888500A5099A /* Assets.xcassets */; };
		D3530E192D11F2190000936B /* SelectQuestionViewController.swift in Sources */ = {isa = PBXBuildFile; fileRef = D3530E182D11F2190000936B /* SelectQuestionViewController.swift */; };
		D35A95782D171DCC00DC714B /* CategoryTableViewCell.xib in Resources */ = {isa = PBXBuildFile; fileRef = D35A95772D171DCC00DC714B /* CategoryTableViewCell.xib */; };
		D35A95792D171DCC00DC714B /* CategoryTableViewCell.swift in Sources */ = {isa = PBXBuildFile; fileRef = D35A95762D171DCC00DC714B /* CategoryTableViewCell.swift */; };
		D36C19C42D0DC9360055599C /* TriviaMessage.swift in Sources */ = {isa = PBXBuildFile; fileRef = D36C19C32D0DC9360055599C /* TriviaMessage.swift */; };
		D36C19C62D0DCBD20055599C /* TriviaAPIData.swift in Sources */ = {isa = PBXBuildFile; fileRef = D36C19C52D0DCBD20055599C /* TriviaAPIData.swift */; };
		D36C19C92D0DD1260055599C /* CategoryViewController.swift in Sources */ = {isa = PBXBuildFile; fileRef = D36C19C82D0DD1260055599C /* CategoryViewController.swift */; };
		D36F0EAF2B4EE6FE00528DE2 /* Poll.swift in Sources */ = {isa = PBXBuildFile; fileRef = D36F0EAE2B4EE6FE00528DE2 /* Poll.swift */; };
		D36F0EB22B4EECC500528DE2 /* RateATopicViewController.swift in Sources */ = {isa = PBXBuildFile; fileRef = D36F0EB12B4EECC500528DE2 /* RateATopicViewController.swift */; };
		D36F0EB42B4EF0D200528DE2 /* RatingViewController.swift in Sources */ = {isa = PBXBuildFile; fileRef = D36F0EB32B4EF0D200528DE2 /* RatingViewController.swift */; };
		D37313622ADF4F0C00DC09B6 /* MessageTemplateProtocol.swift in Sources */ = {isa = PBXBuildFile; fileRef = D37313612ADF4F0C00DC09B6 /* MessageTemplateProtocol.swift */; };
		D378F25B2AE81FCB000A5654 /* GameNightInviteViewController.swift in Sources */ = {isa = PBXBuildFile; fileRef = D378F25A2AE81FCB000A5654 /* GameNightInviteViewController.swift */; };
		D378F25D2AE823A7000A5654 /* AppState.swift in Sources */ = {isa = PBXBuildFile; fileRef = D378F25C2AE823A7000A5654 /* AppState.swift */; };
		D379B5242D2B4FD000E09987 /* Pods_It_s_Game_Night_App.framework in Frameworks */ = {isa = PBXBuildFile; fileRef = 6C0A941FEA6895FD2B5877F1 /* Pods_It_s_Game_Night_App.framework */; };
		D37AD0B12B0E3D0D00D4166D /* RandomizerViewController.swift in Sources */ = {isa = PBXBuildFile; fileRef = D37AD0B02B0E3D0D00D4166D /* RandomizerViewController.swift */; };
		D37FEC942B17BF7C00CE5B5D /* TriangleView.swift in Sources */ = {isa = PBXBuildFile; fileRef = D37FEC932B17BF7C00CE5B5D /* TriangleView.swift */; };
		D380C8E52B8D290F002A3A52 /* HomeCollectionViewCell.swift in Sources */ = {isa = PBXBuildFile; fileRef = D380C8E32B8D290F002A3A52 /* HomeCollectionViewCell.swift */; };
		D380C8E62B8D290F002A3A52 /* HomeCollectionViewCell.xib in Resources */ = {isa = PBXBuildFile; fileRef = D380C8E42B8D290F002A3A52 /* HomeCollectionViewCell.xib */; };
		D38420362BBB4D58007CFAAD /* PrivacyInfo.xcprivacy in Resources */ = {isa = PBXBuildFile; fileRef = D38420352BBB48A0007CFAAD /* PrivacyInfo.xcprivacy */; };
		D3923A7E2B54BBE3007C3553 /* Vote.swift in Sources */ = {isa = PBXBuildFile; fileRef = D3923A7D2B54BBE3007C3553 /* Vote.swift */; };
		D393411B2D18914300640D11 /* SelectModeViewController.swift in Sources */ = {isa = PBXBuildFile; fileRef = D393411A2D18914300640D11 /* SelectModeViewController.swift */; };
		D393411D2D18A99C00640D11 /* CreateAQuizViewController.swift in Sources */ = {isa = PBXBuildFile; fileRef = D393411C2D18A99C00640D11 /* CreateAQuizViewController.swift */; };
		D3A11A212BAC775600F45EBE /* SettingsViewController.swift in Sources */ = {isa = PBXBuildFile; fileRef = D3A11A202BAC775600F45EBE /* SettingsViewController.swift */; };
		D3A11A232BACF9A000F45EBE /* Constants.swift in Sources */ = {isa = PBXBuildFile; fileRef = D3A11A222BACF9A000F45EBE /* Constants.swift */; };
		D3B0FCDD2D1F1C210075F245 /* TriviaResultsViewController.swift in Sources */ = {isa = PBXBuildFile; fileRef = D3B0FCDC2D1F1C210075F245 /* TriviaResultsViewController.swift */; };
		D3B5871E2AF97EE700466FDE /* SystemAlerts.swift in Sources */ = {isa = PBXBuildFile; fileRef = D3B5871D2AF97EE700466FDE /* SystemAlerts.swift */; };
		D3B952BA2AFB2B9B00C46330 /* CalendarViewController.swift in Sources */ = {isa = PBXBuildFile; fileRef = D3B952B92AFB2B9B00C46330 /* CalendarViewController.swift */; };
		D3C37CB42ADC623600AEA1A5 /* HomeViewController.swift in Sources */ = {isa = PBXBuildFile; fileRef = D3C37CB32ADC623600AEA1A5 /* HomeViewController.swift */; };
		D3CBE7AE2B8F937D00BC53B3 /* MenuItem.swift in Sources */ = {isa = PBXBuildFile; fileRef = D3CBE7AD2B8F937D00BC53B3 /* MenuItem.swift */; };
		D3CDB6212D2C9A4B00AD1FF8 /* GoogleAds.swift in Sources */ = {isa = PBXBuildFile; fileRef = D3CDB6202D2C9A4900AD1FF8 /* GoogleAds.swift */; };
		D3D123CA2B546F2C007E1E62 /* PollTableViewCell.swift in Sources */ = {isa = PBXBuildFile; fileRef = D3D123C82B546F2C007E1E62 /* PollTableViewCell.swift */; };
		D3D123CB2B546F2C007E1E62 /* PollTableViewCell.xib in Resources */ = {isa = PBXBuildFile; fileRef = D3D123C92B546F2C007E1E62 /* PollTableViewCell.xib */; };
		D3D58F2D2BD075DA00626EF6 /* VoteInfoViewController.swift in Sources */ = {isa = PBXBuildFile; fileRef = D3D58F2C2BD075DA00626EF6 /* VoteInfoViewController.swift */; };
		D3D7FE1A2D0F90F300B58034 /* TriviaMessageViewController.swift in Sources */ = {isa = PBXBuildFile; fileRef = D3D7FE192D0F90F300B58034 /* TriviaMessageViewController.swift */; };
		D3E20FDB2AF53B4E00211BFD /* EventHelper.swift in Sources */ = {isa = PBXBuildFile; fileRef = D3E20FDA2AF53B4E00211BFD /* EventHelper.swift */; };
		D3E955A92AE6E4040012927B /* MessageDelegate.swift in Sources */ = {isa = PBXBuildFile; fileRef = D3E955A82AE6E4040012927B /* MessageDelegate.swift */; };
		D3E971C32AEEFBF600FD158F /* QueryItemRepresentable.swift in Sources */ = {isa = PBXBuildFile; fileRef = D3E971C22AEEFBF600FD158F /* QueryItemRepresentable.swift */; };
		D3E971C52AEF11A200FD158F /* CalendarInvite.swift in Sources */ = {isa = PBXBuildFile; fileRef = D3E971C42AEF11A200FD158F /* CalendarInvite.swift */; };
		D3F622242D14B8250002EDE1 /* TriviaManager.swift in Sources */ = {isa = PBXBuildFile; fileRef = D3F622232D14B8250002EDE1 /* TriviaManager.swift */; };
		D3F622262D14C6890002EDE1 /* TriviaModel.swift in Sources */ = {isa = PBXBuildFile; fileRef = D3F622252D14C6890002EDE1 /* TriviaModel.swift */; };
		D494BF28DD311970EF2A1550 /* Pods_It_s_Game_Night_App_MessagesExtension.framework in Frameworks */ = {isa = PBXBuildFile; fileRef = EF5E5F5B41511D7C8166BD88 /* Pods_It_s_Game_Night_App_MessagesExtension.framework */; };
/* End PBXBuildFile section */

/* Begin PBXContainerItemProxy section */
		D33D0D032AD9888500A5099A /* PBXContainerItemProxy */ = {
			isa = PBXContainerItemProxy;
			containerPortal = D33D0CF22AD9888300A5099A /* Project object */;
			proxyType = 1;
			remoteGlobalIDString = D33D0D002AD9888500A5099A;
			remoteInfo = "gamenighttest2 MessagesExtension";
		};
/* End PBXContainerItemProxy section */

/* Begin PBXCopyFilesBuildPhase section */
		D33D0D162AD9888700A5099A /* Embed Foundation Extensions */ = {
			isa = PBXCopyFilesBuildPhase;
			buildActionMask = 2147483647;
			dstPath = "";
			dstSubfolderSpec = 13;
			files = (
				D33D0D022AD9888500A5099A /* It's Game Night.appex in Embed Foundation Extensions */,
			);
			name = "Embed Foundation Extensions";
			runOnlyForDeploymentPostprocessing = 0;
		};
/* End PBXCopyFilesBuildPhase section */

/* Begin PBXFileReference section */
		0441A0C70D497A55C7DD7086 /* Pods-It's Game Night App MessagesExtension.release.xcconfig */ = {isa = PBXFileReference; includeInIndex = 1; lastKnownFileType = text.xcconfig; name = "Pods-It's Game Night App MessagesExtension.release.xcconfig"; path = "Target Support Files/Pods-It's Game Night App MessagesExtension/Pods-It's Game Night App MessagesExtension.release.xcconfig"; sourceTree = "<group>"; };
		38DE81180D2D089F276BBA37 /* Pods-It's Game Night App.release.xcconfig */ = {isa = PBXFileReference; includeInIndex = 1; lastKnownFileType = text.xcconfig; name = "Pods-It's Game Night App.release.xcconfig"; path = "Target Support Files/Pods-It's Game Night App/Pods-It's Game Night App.release.xcconfig"; sourceTree = "<group>"; };
		42F049BD7A24CEF04F2C9554 /* Pods-It's Game Night App MessagesExtension.debug.xcconfig */ = {isa = PBXFileReference; includeInIndex = 1; lastKnownFileType = text.xcconfig; name = "Pods-It's Game Night App MessagesExtension.debug.xcconfig"; path = "Target Support Files/Pods-It's Game Night App MessagesExtension/Pods-It's Game Night App MessagesExtension.debug.xcconfig"; sourceTree = "<group>"; };
		6C0A941FEA6895FD2B5877F1 /* Pods_It_s_Game_Night_App.framework */ = {isa = PBXFileReference; explicitFileType = wrapper.framework; includeInIndex = 0; path = Pods_It_s_Game_Night_App.framework; sourceTree = BUILT_PRODUCTS_DIR; };
		CB6C5D21FA2726161BCC9E0A /* Pods-It's Game Night App.debug.xcconfig */ = {isa = PBXFileReference; includeInIndex = 1; lastKnownFileType = text.xcconfig; name = "Pods-It's Game Night App.debug.xcconfig"; path = "Target Support Files/Pods-It's Game Night App/Pods-It's Game Night App.debug.xcconfig"; sourceTree = "<group>"; };
		D30374782BB3673E00E89FB7 /* Defaults.swift */ = {isa = PBXFileReference; lastKnownFileType = sourcecode.swift; path = Defaults.swift; sourceTree = "<group>"; };
		D304E09A2D15E19500CB85FA /* SelectQuestionTableViewCell.swift */ = {isa = PBXFileReference; lastKnownFileType = sourcecode.swift; path = SelectQuestionTableViewCell.swift; sourceTree = "<group>"; };
		D304E09B2D15E19500CB85FA /* SelectQuestionTableViewCell.xib */ = {isa = PBXFileReference; lastKnownFileType = file.xib; path = SelectQuestionTableViewCell.xib; sourceTree = "<group>"; };
		D30B79292B0ACC71007606C8 /* SelectPeopleViewController.swift */ = {isa = PBXFileReference; lastKnownFileType = sourcecode.swift; path = SelectPeopleViewController.swift; sourceTree = "<group>"; };
		D30B792B2B0ADEE6007606C8 /* Person.swift */ = {isa = PBXFileReference; lastKnownFileType = sourcecode.swift; path = Person.swift; sourceTree = "<group>"; };
		D30DC8512D2731B0001F8395 /* CoreInfoViewController.swift */ = {isa = PBXFileReference; lastKnownFileType = sourcecode.swift; path = CoreInfoViewController.swift; sourceTree = "<group>"; };
		D30EEDD52B2CF60200710146 /* It-s-Game-Night-App-Info.plist */ = {isa = PBXFileReference; lastKnownFileType = text.plist; path = "It-s-Game-Night-App-Info.plist"; sourceTree = "<group>"; };
		D321AA342B680502001B17EA /* PollHelper.swift */ = {isa = PBXFileReference; lastKnownFileType = sourcecode.swift; path = PollHelper.swift; sourceTree = "<group>"; };
		D3238FF62D88D108009F5BBD /* MyProfileViewController.swift */ = {isa = PBXFileReference; lastKnownFileType = sourcecode.swift; path = MyProfileViewController.swift; sourceTree = "<group>"; };
		D32C5ECF2B13CD6500E102D2 /* PieChartView.swift */ = {isa = PBXFileReference; lastKnownFileType = sourcecode.swift; path = PieChartView.swift; sourceTree = "<group>"; };
		D32C9C132AF30FF9000D25CD /* Randomizer.swift */ = {isa = PBXFileReference; lastKnownFileType = sourcecode.swift; path = Randomizer.swift; sourceTree = "<group>"; };
		D32D7C9D2D13589C0078E788 /* TriviaTableViewCell.swift */ = {isa = PBXFileReference; lastKnownFileType = sourcecode.swift; name = TriviaTableViewCell.swift; path = "gamenighttest2 MessagesExtension/View/TriviaTableViewCell.swift"; sourceTree = SOURCE_ROOT; };
		D32D7C9E2D13589C0078E788 /* TriviaTableViewCell.xib */ = {isa = PBXFileReference; lastKnownFileType = file.xib; name = TriviaTableViewCell.xib; path = "gamenighttest2 MessagesExtension/View/TriviaTableViewCell.xib"; sourceTree = SOURCE_ROOT; };
		D3366FE72D483B3B008C627C /* UIViewExtension.swift */ = {isa = PBXFileReference; lastKnownFileType = sourcecode.swift; path = UIViewExtension.swift; sourceTree = "<group>"; };
		D33D0CF82AD9888300A5099A /* It's Game Night.app */ = {isa = PBXFileReference; explicitFileType = wrapper.application; includeInIndex = 0; path = "It's Game Night.app"; sourceTree = BUILT_PRODUCTS_DIR; };
		D33D0CFB2AD9888500A5099A /* Assets.xcassets */ = {isa = PBXFileReference; lastKnownFileType = folder.assetcatalog; path = Assets.xcassets; sourceTree = "<group>"; };
		D33D0D012AD9888500A5099A /* It's Game Night.appex */ = {isa = PBXFileReference; explicitFileType = "wrapper.app-extension"; includeInIndex = 0; path = "It's Game Night.appex"; sourceTree = BUILT_PRODUCTS_DIR; };
		D33D0D062AD9888500A5099A /* Messages.framework */ = {isa = PBXFileReference; lastKnownFileType = wrapper.framework; name = Messages.framework; path = System/Library/Frameworks/Messages.framework; sourceTree = SDKROOT; };
		D33D0D092AD9888500A5099A /* MessagesViewController.swift */ = {isa = PBXFileReference; lastKnownFileType = sourcecode.swift; path = MessagesViewController.swift; sourceTree = "<group>"; };
		D33D0D0C2AD9888500A5099A /* Base */ = {isa = PBXFileReference; lastKnownFileType = file.storyboard; name = Base; path = Base.lproj/MainInterface.storyboard; sourceTree = "<group>"; };
		D33D0D0E2AD9888700A5099A /* Assets.xcassets */ = {isa = PBXFileReference; lastKnownFileType = folder.assetcatalog; path = Assets.xcassets; sourceTree = "<group>"; };
		D33D0D102AD9888700A5099A /* Info.plist */ = {isa = PBXFileReference; lastKnownFileType = text.plist.xml; path = Info.plist; sourceTree = "<group>"; };
		D33D0D1A2AD988D300A5099A /* StickerViewController.swift */ = {isa = PBXFileReference; lastKnownFileType = sourcecode.swift; path = StickerViewController.swift; sourceTree = "<group>"; };
		D3530E182D11F2190000936B /* SelectQuestionViewController.swift */ = {isa = PBXFileReference; lastKnownFileType = sourcecode.swift; path = SelectQuestionViewController.swift; sourceTree = "<group>"; };
		D35A95762D171DCC00DC714B /* CategoryTableViewCell.swift */ = {isa = PBXFileReference; lastKnownFileType = sourcecode.swift; path = CategoryTableViewCell.swift; sourceTree = "<group>"; };
		D35A95772D171DCC00DC714B /* CategoryTableViewCell.xib */ = {isa = PBXFileReference; lastKnownFileType = file.xib; path = CategoryTableViewCell.xib; sourceTree = "<group>"; };
		D367DC692B0BF39C00A8B6A1 /* Too Bad.png */ = {isa = PBXFileReference; lastKnownFileType = image.png; name = "Too Bad.png"; path = "../../../../../Documents/Hobbies/Game Night/iMessage App/Stickers/Too Bad.png"; sourceTree = "<group>"; };
		D367DC6A2B0BF39C00A8B6A1 /* ‎Let's Coast Logo.png */ = {isa = PBXFileReference; lastKnownFileType = image.png; name = "‎Let's Coast Logo.png"; path = "../../../../../Documents/Hobbies/Game Night/iMessage App/Stickers/‎Let's Coast Logo.png"; sourceTree = "<group>"; };
		D367DC6B2B0BF39C00A8B6A1 /* Nice Try.png */ = {isa = PBXFileReference; lastKnownFileType = image.png; name = "Nice Try.png"; path = "../../../../../Documents/Hobbies/Game Night/iMessage App/Stickers/Nice Try.png"; sourceTree = "<group>"; };
		D367DC6C2B0BF39C00A8B6A1 /* Good Dinner.png */ = {isa = PBXFileReference; lastKnownFileType = image.png; name = "Good Dinner.png"; path = "../../../../../Documents/Hobbies/Game Night/iMessage App/Stickers/Good Dinner.png"; sourceTree = "<group>"; };
		D367DC6D2B0BF39C00A8B6A1 /* 3rdPlace.png */ = {isa = PBXFileReference; lastKnownFileType = image.png; name = 3rdPlace.png; path = "../../../../../Documents/Hobbies/Game Night/iMessage App/Stickers/3rdPlace.png"; sourceTree = "<group>"; };
		D367DC6E2B0BF39C00A8B6A1 /* It's Gamenight.png */ = {isa = PBXFileReference; lastKnownFileType = image.png; name = "It's Gamenight.png"; path = "../../../../../Documents/Hobbies/Game Night/iMessage App/Stickers/It's Gamenight.png"; sourceTree = "<group>"; };
		D367DC6F2B0BF39C00A8B6A1 /* Bad Dinner.png */ = {isa = PBXFileReference; lastKnownFileType = image.png; name = "Bad Dinner.png"; path = "../../../../../Documents/Hobbies/Game Night/iMessage App/Stickers/Bad Dinner.png"; sourceTree = "<group>"; };
		D367DC702B0BF39C00A8B6A1 /* Gamenight Logo.png */ = {isa = PBXFileReference; lastKnownFileType = image.png; name = "Gamenight Logo.png"; path = "../../../../../Documents/Hobbies/Game Night/iMessage App/Stickers/Gamenight Logo.png"; sourceTree = "<group>"; };
		D367DC712B0BF39C00A8B6A1 /* Did you tell them?.png */ = {isa = PBXFileReference; lastKnownFileType = image.png; name = "Did you tell them?.png"; path = "../../../../../Documents/Hobbies/Game Night/iMessage App/Stickers/Did you tell them?.png"; sourceTree = "<group>"; };
		D367DC722B0BF39C00A8B6A1 /* Get Outta Here.png */ = {isa = PBXFileReference; lastKnownFileType = image.png; name = "Get Outta Here.png"; path = "../../../../../Documents/Hobbies/Game Night/iMessage App/Stickers/Get Outta Here.png"; sourceTree = "<group>"; };
		D367DC732B0BF39C00A8B6A1 /* Blue Team.png */ = {isa = PBXFileReference; lastKnownFileType = image.png; name = "Blue Team.png"; path = "../../../../../Documents/Hobbies/Game Night/iMessage App/Stickers/Blue Team.png"; sourceTree = "<group>"; };
		D367DC742B0BF39C00A8B6A1 /* idk timezones.png */ = {isa = PBXFileReference; lastKnownFileType = image.png; name = "idk timezones.png"; path = "../../../../../Documents/Hobbies/Game Night/iMessage App/Stickers/idk timezones.png"; sourceTree = "<group>"; };
		D367DC752B0BF39C00A8B6A1 /* Red Team.png */ = {isa = PBXFileReference; lastKnownFileType = image.png; name = "Red Team.png"; path = "../../../../../Documents/Hobbies/Game Night/iMessage App/Stickers/Red Team.png"; sourceTree = "<group>"; };
		D367DC762B0BF39C00A8B6A1 /* It's Intermission.png */ = {isa = PBXFileReference; lastKnownFileType = image.png; name = "It's Intermission.png"; path = "../../../../../Documents/Hobbies/Game Night/iMessage App/Stickers/It's Intermission.png"; sourceTree = "<group>"; };
		D367DC772B0BF39C00A8B6A1 /* 2ndPlace.png */ = {isa = PBXFileReference; lastKnownFileType = image.png; name = 2ndPlace.png; path = "../../../../../Documents/Hobbies/Game Night/iMessage App/Stickers/2ndPlace.png"; sourceTree = "<group>"; };
		D367DC782B0BF39C00A8B6A1 /* YouTried.png */ = {isa = PBXFileReference; lastKnownFileType = image.png; name = YouTried.png; path = "../../../../../Documents/Hobbies/Game Night/iMessage App/Stickers/YouTried.png"; sourceTree = "<group>"; };
		D367DC792B0BF39C00A8B6A1 /* Plus Six.png */ = {isa = PBXFileReference; lastKnownFileType = image.png; name = "Plus Six.png"; path = "../../../../../Documents/Hobbies/Game Night/iMessage App/Stickers/Plus Six.png"; sourceTree = "<group>"; };
		D367DC7A2B0BF39C00A8B6A1 /* 1stPlace.png */ = {isa = PBXFileReference; lastKnownFileType = image.png; name = 1stPlace.png; path = "../../../../../Documents/Hobbies/Game Night/iMessage App/Stickers/1stPlace.png"; sourceTree = "<group>"; };
		D367DC7B2B0BF39C00A8B6A1 /* Youre Welcome.png */ = {isa = PBXFileReference; lastKnownFileType = image.png; name = "Youre Welcome.png"; path = "../../../../../Documents/Hobbies/Game Night/iMessage App/Stickers/Youre Welcome.png"; sourceTree = "<group>"; };
		D367DC7C2B0BF39C00A8B6A1 /* I'm so high rn.png */ = {isa = PBXFileReference; lastKnownFileType = image.png; name = "I'm so high rn.png"; path = "../../../../../Documents/Hobbies/Game Night/iMessage App/Stickers/I'm so high rn.png"; sourceTree = "<group>"; };
		D36C19C32D0DC9360055599C /* TriviaMessage.swift */ = {isa = PBXFileReference; lastKnownFileType = sourcecode.swift; path = TriviaMessage.swift; sourceTree = "<group>"; };
		D36C19C52D0DCBD20055599C /* TriviaAPIData.swift */ = {isa = PBXFileReference; lastKnownFileType = sourcecode.swift; path = TriviaAPIData.swift; sourceTree = "<group>"; };
		D36C19C82D0DD1260055599C /* CategoryViewController.swift */ = {isa = PBXFileReference; lastKnownFileType = sourcecode.swift; path = CategoryViewController.swift; sourceTree = "<group>"; };
		D36F0EAE2B4EE6FE00528DE2 /* Poll.swift */ = {isa = PBXFileReference; lastKnownFileType = sourcecode.swift; path = Poll.swift; sourceTree = "<group>"; };
		D36F0EB12B4EECC500528DE2 /* RateATopicViewController.swift */ = {isa = PBXFileReference; lastKnownFileType = sourcecode.swift; path = RateATopicViewController.swift; sourceTree = "<group>"; };
		D36F0EB32B4EF0D200528DE2 /* RatingViewController.swift */ = {isa = PBXFileReference; lastKnownFileType = sourcecode.swift; path = RatingViewController.swift; sourceTree = "<group>"; };
		D37313612ADF4F0C00DC09B6 /* MessageTemplateProtocol.swift */ = {isa = PBXFileReference; lastKnownFileType = sourcecode.swift; path = MessageTemplateProtocol.swift; sourceTree = "<group>"; };
		D378F25A2AE81FCB000A5654 /* GameNightInviteViewController.swift */ = {isa = PBXFileReference; lastKnownFileType = sourcecode.swift; path = GameNightInviteViewController.swift; sourceTree = "<group>"; };
		D378F25C2AE823A7000A5654 /* AppState.swift */ = {isa = PBXFileReference; lastKnownFileType = sourcecode.swift; path = AppState.swift; sourceTree = "<group>"; };
		D37AD0B02B0E3D0D00D4166D /* RandomizerViewController.swift */ = {isa = PBXFileReference; lastKnownFileType = sourcecode.swift; path = RandomizerViewController.swift; sourceTree = "<group>"; };
		D37FEC932B17BF7C00CE5B5D /* TriangleView.swift */ = {isa = PBXFileReference; lastKnownFileType = sourcecode.swift; path = TriangleView.swift; sourceTree = "<group>"; };
		D380C8E32B8D290F002A3A52 /* HomeCollectionViewCell.swift */ = {isa = PBXFileReference; lastKnownFileType = sourcecode.swift; path = HomeCollectionViewCell.swift; sourceTree = "<group>"; };
		D380C8E42B8D290F002A3A52 /* HomeCollectionViewCell.xib */ = {isa = PBXFileReference; lastKnownFileType = file.xib; path = HomeCollectionViewCell.xib; sourceTree = "<group>"; };
		D38420352BBB48A0007CFAAD /* PrivacyInfo.xcprivacy */ = {isa = PBXFileReference; lastKnownFileType = text.xml; path = PrivacyInfo.xcprivacy; sourceTree = "<group>"; };
		D3923A7D2B54BBE3007C3553 /* Vote.swift */ = {isa = PBXFileReference; lastKnownFileType = sourcecode.swift; path = Vote.swift; sourceTree = "<group>"; };
		D393411A2D18914300640D11 /* SelectModeViewController.swift */ = {isa = PBXFileReference; lastKnownFileType = sourcecode.swift; path = SelectModeViewController.swift; sourceTree = "<group>"; };
		D393411C2D18A99C00640D11 /* CreateAQuizViewController.swift */ = {isa = PBXFileReference; lastKnownFileType = sourcecode.swift; path = CreateAQuizViewController.swift; sourceTree = "<group>"; };
		D3A11A202BAC775600F45EBE /* SettingsViewController.swift */ = {isa = PBXFileReference; lastKnownFileType = sourcecode.swift; path = SettingsViewController.swift; sourceTree = "<group>"; };
		D3A11A222BACF9A000F45EBE /* Constants.swift */ = {isa = PBXFileReference; lastKnownFileType = sourcecode.swift; path = Constants.swift; sourceTree = "<group>"; };
		D3B0FCDC2D1F1C210075F245 /* TriviaResultsViewController.swift */ = {isa = PBXFileReference; lastKnownFileType = sourcecode.swift; path = TriviaResultsViewController.swift; sourceTree = "<group>"; };
		D3B5871D2AF97EE700466FDE /* SystemAlerts.swift */ = {isa = PBXFileReference; lastKnownFileType = sourcecode.swift; path = SystemAlerts.swift; sourceTree = "<group>"; };
		D3B952B92AFB2B9B00C46330 /* CalendarViewController.swift */ = {isa = PBXFileReference; lastKnownFileType = sourcecode.swift; path = CalendarViewController.swift; sourceTree = "<group>"; };
		D3C37CB32ADC623600AEA1A5 /* HomeViewController.swift */ = {isa = PBXFileReference; lastKnownFileType = sourcecode.swift; path = HomeViewController.swift; sourceTree = "<group>"; };
		D3CBE7AD2B8F937D00BC53B3 /* MenuItem.swift */ = {isa = PBXFileReference; lastKnownFileType = sourcecode.swift; path = MenuItem.swift; sourceTree = "<group>"; };
		D3CDB6202D2C9A4900AD1FF8 /* GoogleAds.swift */ = {isa = PBXFileReference; lastKnownFileType = sourcecode.swift; path = GoogleAds.swift; sourceTree = "<group>"; };
		D3D123C82B546F2C007E1E62 /* PollTableViewCell.swift */ = {isa = PBXFileReference; lastKnownFileType = sourcecode.swift; path = PollTableViewCell.swift; sourceTree = "<group>"; };
		D3D123C92B546F2C007E1E62 /* PollTableViewCell.xib */ = {isa = PBXFileReference; lastKnownFileType = file.xib; path = PollTableViewCell.xib; sourceTree = "<group>"; };
		D3D58F2C2BD075DA00626EF6 /* VoteInfoViewController.swift */ = {isa = PBXFileReference; lastKnownFileType = sourcecode.swift; path = VoteInfoViewController.swift; sourceTree = "<group>"; };
		D3D7FE192D0F90F300B58034 /* TriviaMessageViewController.swift */ = {isa = PBXFileReference; lastKnownFileType = sourcecode.swift; path = TriviaMessageViewController.swift; sourceTree = "<group>"; };
		D3E20FDA2AF53B4E00211BFD /* EventHelper.swift */ = {isa = PBXFileReference; lastKnownFileType = sourcecode.swift; path = EventHelper.swift; sourceTree = "<group>"; };
		D3E955A82AE6E4040012927B /* MessageDelegate.swift */ = {isa = PBXFileReference; lastKnownFileType = sourcecode.swift; path = MessageDelegate.swift; sourceTree = "<group>"; };
		D3E971C22AEEFBF600FD158F /* QueryItemRepresentable.swift */ = {isa = PBXFileReference; lastKnownFileType = sourcecode.swift; path = QueryItemRepresentable.swift; sourceTree = "<group>"; };
		D3E971C42AEF11A200FD158F /* CalendarInvite.swift */ = {isa = PBXFileReference; lastKnownFileType = sourcecode.swift; path = CalendarInvite.swift; sourceTree = "<group>"; };
		D3F622232D14B8250002EDE1 /* TriviaManager.swift */ = {isa = PBXFileReference; lastKnownFileType = sourcecode.swift; path = TriviaManager.swift; sourceTree = "<group>"; };
		D3F622252D14C6890002EDE1 /* TriviaModel.swift */ = {isa = PBXFileReference; lastKnownFileType = sourcecode.swift; path = TriviaModel.swift; sourceTree = "<group>"; };
		EF5E5F5B41511D7C8166BD88 /* Pods_It_s_Game_Night_App_MessagesExtension.framework */ = {isa = PBXFileReference; explicitFileType = wrapper.framework; includeInIndex = 0; path = Pods_It_s_Game_Night_App_MessagesExtension.framework; sourceTree = BUILT_PRODUCTS_DIR; };
/* End PBXFileReference section */

/* Begin PBXFrameworksBuildPhase section */
		4352D405EE18DCE3E2519C90 /* Frameworks */ = {
			isa = PBXFrameworksBuildPhase;
			buildActionMask = 2147483647;
			files = (
				D379B5242D2B4FD000E09987 /* Pods_It_s_Game_Night_App.framework in Frameworks */,
			);
			runOnlyForDeploymentPostprocessing = 0;
		};
		D33D0CFE2AD9888500A5099A /* Frameworks */ = {
			isa = PBXFrameworksBuildPhase;
			buildActionMask = 2147483647;
			files = (
				D33D0D072AD9888500A5099A /* Messages.framework in Frameworks */,
				D494BF28DD311970EF2A1550 /* Pods_It_s_Game_Night_App_MessagesExtension.framework in Frameworks */,
			);
			runOnlyForDeploymentPostprocessing = 0;
		};
/* End PBXFrameworksBuildPhase section */

/* Begin PBXGroup section */
		7D05E8D895FE235406B3619F /* Pods */ = {
			isa = PBXGroup;
			children = (
				CB6C5D21FA2726161BCC9E0A /* Pods-It's Game Night App.debug.xcconfig */,
				38DE81180D2D089F276BBA37 /* Pods-It's Game Night App.release.xcconfig */,
				42F049BD7A24CEF04F2C9554 /* Pods-It's Game Night App MessagesExtension.debug.xcconfig */,
				0441A0C70D497A55C7DD7086 /* Pods-It's Game Night App MessagesExtension.release.xcconfig */,
			);
			path = Pods;
			sourceTree = "<group>";
		};
		D30B792D2B0ADF5E007606C8 /* Randomizer Model */ = {
			isa = PBXGroup;
			children = (
				D30B792B2B0ADEE6007606C8 /* Person.swift */,
				D32C9C132AF30FF9000D25CD /* Randomizer.swift */,
			);
			path = "Randomizer Model";
			sourceTree = "<group>";
		};
		D30B792E2B0AF256007606C8 /* Calendar Model */ = {
			isa = PBXGroup;
			children = (
				D3E971C42AEF11A200FD158F /* CalendarInvite.swift */,
				D3E20FDA2AF53B4E00211BFD /* EventHelper.swift */,
			);
			path = "Calendar Model";
			sourceTree = "<group>";
		};
		D30B792F2B0AF272007606C8 /* Supporting Files */ = {
			isa = PBXGroup;
			children = (
				D3CDB6202D2C9A4900AD1FF8 /* GoogleAds.swift */,
				D37313612ADF4F0C00DC09B6 /* MessageTemplateProtocol.swift */,
				D3E955A82AE6E4040012927B /* MessageDelegate.swift */,
				D378F25C2AE823A7000A5654 /* AppState.swift */,
				D3E971C22AEEFBF600FD158F /* QueryItemRepresentable.swift */,
				D3B5871D2AF97EE700466FDE /* SystemAlerts.swift */,
				D3CBE7AD2B8F937D00BC53B3 /* MenuItem.swift */,
				D3A11A222BACF9A000F45EBE /* Constants.swift */,
				D30374782BB3673E00E89FB7 /* Defaults.swift */,
				D3366FE72D483B3B008C627C /* UIViewExtension.swift */,
			);
			path = "Supporting Files";
			sourceTree = "<group>";
		};
		D30B79302B0AF2B0007606C8 /* Calendar Controllers */ = {
			isa = PBXGroup;
			children = (
				D378F25A2AE81FCB000A5654 /* GameNightInviteViewController.swift */,
				D3B952B92AFB2B9B00C46330 /* CalendarViewController.swift */,
			);
			path = "Calendar Controllers";
			sourceTree = "<group>";
		};
		D30B79312B0AF2BC007606C8 /* Randomizer Controllers */ = {
			isa = PBXGroup;
			children = (
				D30B79292B0ACC71007606C8 /* SelectPeopleViewController.swift */,
				D37AD0B02B0E3D0D00D4166D /* RandomizerViewController.swift */,
			);
			path = "Randomizer Controllers";
			sourceTree = "<group>";
		};
		D312A62F2AE8269100A3C54D /* Model */ = {
			isa = PBXGroup;
			children = (
				D30B792F2B0AF272007606C8 /* Supporting Files */,
				D30B792E2B0AF256007606C8 /* Calendar Model */,
				D30B792D2B0ADF5E007606C8 /* Randomizer Model */,
				D36F0EAD2B4EE6E000528DE2 /* Poll Model */,
				D36C19C22D0DC8CB0055599C /* Trivia Model */,
			);
			path = Model;
			sourceTree = "<group>";
		};
		D312A6302AE826AA00A3C54D /* Controller */ = {
			isa = PBXGroup;
			children = (
				D30B79302B0AF2B0007606C8 /* Calendar Controllers */,
				D30B79312B0AF2BC007606C8 /* Randomizer Controllers */,
				D36F0EB02B4EEC8900528DE2 /* Poll Controllers */,
				D36C19C72D0DD1000055599C /* TriviaViewController */,
				D3C37CB32ADC623600AEA1A5 /* HomeViewController.swift */,
				D33D0D092AD9888500A5099A /* MessagesViewController.swift */,
				D33D0D1A2AD988D300A5099A /* StickerViewController.swift */,
				D3A11A202BAC775600F45EBE /* SettingsViewController.swift */,
				D30DC8512D2731B0001F8395 /* CoreInfoViewController.swift */,
				D3238FF62D88D108009F5BBD /* MyProfileViewController.swift */,
			);
			path = Controller;
			sourceTree = "<group>";
		};
		D32D7CA12D1358B60078E788 /* Trivia Views */ = {
			isa = PBXGroup;
			children = (
				D32D7C9D2D13589C0078E788 /* TriviaTableViewCell.swift */,
				D32D7C9E2D13589C0078E788 /* TriviaTableViewCell.xib */,
				D304E09A2D15E19500CB85FA /* SelectQuestionTableViewCell.swift */,
				D304E09B2D15E19500CB85FA /* SelectQuestionTableViewCell.xib */,
				D35A95762D171DCC00DC714B /* CategoryTableViewCell.swift */,
				D35A95772D171DCC00DC714B /* CategoryTableViewCell.xib */,
			);
			path = "Trivia Views";
			sourceTree = "<group>";
		};
		D33D0CF12AD9888300A5099A = {
			isa = PBXGroup;
			children = (
				D30EEDD52B2CF60200710146 /* It-s-Game-Night-App-Info.plist */,
				D33D0CFA2AD9888300A5099A /* gamenighttest2 */,
				D33D0D082AD9888500A5099A /* gamenighttest2 MessagesExtension */,
				D33D0D052AD9888500A5099A /* Frameworks */,
				D33D0CF92AD9888300A5099A /* Products */,
				7D05E8D895FE235406B3619F /* Pods */,
			);
			sourceTree = "<group>";
		};
		D33D0CF92AD9888300A5099A /* Products */ = {
			isa = PBXGroup;
			children = (
				D33D0CF82AD9888300A5099A /* It's Game Night.app */,
				D33D0D012AD9888500A5099A /* It's Game Night.appex */,
			);
			name = Products;
			sourceTree = "<group>";
		};
		D33D0CFA2AD9888300A5099A /* gamenighttest2 */ = {
			isa = PBXGroup;
			children = (
				D33D0CFB2AD9888500A5099A /* Assets.xcassets */,
			);
			path = gamenighttest2;
			sourceTree = "<group>";
		};
		D33D0D052AD9888500A5099A /* Frameworks */ = {
			isa = PBXGroup;
			children = (
				D33D0D062AD9888500A5099A /* Messages.framework */,
				6C0A941FEA6895FD2B5877F1 /* Pods_It_s_Game_Night_App.framework */,
				EF5E5F5B41511D7C8166BD88 /* Pods_It_s_Game_Night_App_MessagesExtension.framework */,
			);
			name = Frameworks;
			sourceTree = "<group>";
		};
		D33D0D082AD9888500A5099A /* gamenighttest2 MessagesExtension */ = {
			isa = PBXGroup;
			children = (
				D33D0D102AD9888700A5099A /* Info.plist */,
				D312A62F2AE8269100A3C54D /* Model */,
				D38A09AB2B292EF100DDB0E4 /* View */,
				D312A6302AE826AA00A3C54D /* Controller */,
				D33D0D0E2AD9888700A5099A /* Assets.xcassets */,
				D33D0D0B2AD9888500A5099A /* MainInterface.storyboard */,
				D33D0D1E2AD98E4000A5099A /* Stickers */,
				D38420352BBB48A0007CFAAD /* PrivacyInfo.xcprivacy */,
			);
			path = "gamenighttest2 MessagesExtension";
			sourceTree = "<group>";
		};
		D33D0D1E2AD98E4000A5099A /* Stickers */ = {
			isa = PBXGroup;
			children = (
				D367DC7A2B0BF39C00A8B6A1 /* 1stPlace.png */,
				D367DC772B0BF39C00A8B6A1 /* 2ndPlace.png */,
				D367DC6D2B0BF39C00A8B6A1 /* 3rdPlace.png */,
				D367DC6F2B0BF39C00A8B6A1 /* Bad Dinner.png */,
				D367DC732B0BF39C00A8B6A1 /* Blue Team.png */,
				D367DC712B0BF39C00A8B6A1 /* Did you tell them?.png */,
				D367DC702B0BF39C00A8B6A1 /* Gamenight Logo.png */,
				D367DC722B0BF39C00A8B6A1 /* Get Outta Here.png */,
				D367DC6C2B0BF39C00A8B6A1 /* Good Dinner.png */,
				D367DC7C2B0BF39C00A8B6A1 /* I'm so high rn.png */,
				D367DC742B0BF39C00A8B6A1 /* idk timezones.png */,
				D367DC6E2B0BF39C00A8B6A1 /* It's Gamenight.png */,
				D367DC762B0BF39C00A8B6A1 /* It's Intermission.png */,
				D367DC6A2B0BF39C00A8B6A1 /* ‎Let's Coast Logo.png */,
				D367DC6B2B0BF39C00A8B6A1 /* Nice Try.png */,
				D367DC792B0BF39C00A8B6A1 /* Plus Six.png */,
				D367DC752B0BF39C00A8B6A1 /* Red Team.png */,
				D367DC692B0BF39C00A8B6A1 /* Too Bad.png */,
				D367DC7B2B0BF39C00A8B6A1 /* Youre Welcome.png */,
				D367DC782B0BF39C00A8B6A1 /* YouTried.png */,
			);
			name = Stickers;
			path = "/Users/daimenambers/Library/XCode/gamenighttest2/gamenighttest2 MessagesExtension/Stickers";
			sourceTree = "<absolute>";
		};
		D36C19C22D0DC8CB0055599C /* Trivia Model */ = {
			isa = PBXGroup;
			children = (
				D36C19C32D0DC9360055599C /* TriviaMessage.swift */,
				D3F622252D14C6890002EDE1 /* TriviaModel.swift */,
				D36C19C52D0DCBD20055599C /* TriviaAPIData.swift */,
				D3F622232D14B8250002EDE1 /* TriviaManager.swift */,
			);
			path = "Trivia Model";
			sourceTree = "<group>";
		};
		D36C19C72D0DD1000055599C /* TriviaViewController */ = {
			isa = PBXGroup;
			children = (
				D36C19C82D0DD1260055599C /* CategoryViewController.swift */,
				D3D7FE192D0F90F300B58034 /* TriviaMessageViewController.swift */,
				D3530E182D11F2190000936B /* SelectQuestionViewController.swift */,
				D393411A2D18914300640D11 /* SelectModeViewController.swift */,
				D393411C2D18A99C00640D11 /* CreateAQuizViewController.swift */,
				D3B0FCDC2D1F1C210075F245 /* TriviaResultsViewController.swift */,
			);
			path = TriviaViewController;
			sourceTree = "<group>";
		};
		D36F0EAD2B4EE6E000528DE2 /* Poll Model */ = {
			isa = PBXGroup;
			children = (
				D36F0EAE2B4EE6FE00528DE2 /* Poll.swift */,
				D3923A7D2B54BBE3007C3553 /* Vote.swift */,
				D321AA342B680502001B17EA /* PollHelper.swift */,
			);
			path = "Poll Model";
			sourceTree = "<group>";
		};
		D36F0EB02B4EEC8900528DE2 /* Poll Controllers */ = {
			isa = PBXGroup;
			children = (
				D36F0EB12B4EECC500528DE2 /* RateATopicViewController.swift */,
				D3D58F2C2BD075DA00626EF6 /* VoteInfoViewController.swift */,
				D36F0EB32B4EF0D200528DE2 /* RatingViewController.swift */,
			);
			path = "Poll Controllers";
			sourceTree = "<group>";
		};
		D380C8E72B8D2925002A3A52 /* Home Views */ = {
			isa = PBXGroup;
			children = (
				D380C8E32B8D290F002A3A52 /* HomeCollectionViewCell.swift */,
				D380C8E42B8D290F002A3A52 /* HomeCollectionViewCell.xib */,
			);
			name = "Home Views";
			sourceTree = "<group>";
		};
		D38A09AB2B292EF100DDB0E4 /* View */ = {
			isa = PBXGroup;
			children = (
				D380C8E72B8D2925002A3A52 /* Home Views */,
				D38A09AC2B292F1300DDB0E4 /* Randomizer Views */,
				D3D123C72B546ED7007E1E62 /* Poll Views */,
				D32D7CA12D1358B60078E788 /* Trivia Views */,
			);
			path = View;
			sourceTree = "<group>";
		};
		D38A09AC2B292F1300DDB0E4 /* Randomizer Views */ = {
			isa = PBXGroup;
			children = (
				D32C5ECF2B13CD6500E102D2 /* PieChartView.swift */,
				D37FEC932B17BF7C00CE5B5D /* TriangleView.swift */,
			);
			name = "Randomizer Views";
			sourceTree = "<group>";
		};
		D3D123C72B546ED7007E1E62 /* Poll Views */ = {
			isa = PBXGroup;
			children = (
				D3D123C82B546F2C007E1E62 /* PollTableViewCell.swift */,
				D3D123C92B546F2C007E1E62 /* PollTableViewCell.xib */,
			);
			name = "Poll Views";
			sourceTree = "<group>";
		};
/* End PBXGroup section */

/* Begin PBXNativeTarget section */
		D33D0CF72AD9888300A5099A /* It's Game Night App */ = {
			isa = PBXNativeTarget;
			buildConfigurationList = D33D0D172AD9888700A5099A /* Build configuration list for PBXNativeTarget "It's Game Night App" */;
			buildPhases = (
				D9F57260B0CA4DC55E7D817D /* [CP] Check Pods Manifest.lock */,
				D33D0CF62AD9888300A5099A /* Resources */,
				D33D0D162AD9888700A5099A /* Embed Foundation Extensions */,
				4352D405EE18DCE3E2519C90 /* Frameworks */,
			);
			buildRules = (
			);
			dependencies = (
				D33D0D042AD9888500A5099A /* PBXTargetDependency */,
			);
			name = "It's Game Night App";
			productName = gamenighttest2;
			productReference = D33D0CF82AD9888300A5099A /* It's Game Night.app */;
			productType = "com.apple.product-type.application.messages";
		};
		D33D0D002AD9888500A5099A /* It's Game Night App MessagesExtension */ = {
			isa = PBXNativeTarget;
			buildConfigurationList = D33D0D132AD9888700A5099A /* Build configuration list for PBXNativeTarget "It's Game Night App MessagesExtension" */;
			buildPhases = (
				C0A283BA5B1BB1605DA80E68 /* [CP] Check Pods Manifest.lock */,
				D33D0CFD2AD9888500A5099A /* Sources */,
				D33D0CFE2AD9888500A5099A /* Frameworks */,
				D33D0CFF2AD9888500A5099A /* Resources */,
				EA7C2CD752B941955DBE0748 /* [CP] Copy Pods Resources */,
			);
			buildRules = (
			);
			dependencies = (
			);
			name = "It's Game Night App MessagesExtension";
			productName = "gamenighttest2 MessagesExtension";
			productReference = D33D0D012AD9888500A5099A /* It's Game Night.appex */;
			productType = "com.apple.product-type.app-extension.messages";
		};
/* End PBXNativeTarget section */

/* Begin PBXProject section */
		D33D0CF22AD9888300A5099A /* Project object */ = {
			isa = PBXProject;
			attributes = {
				BuildIndependentTargetsInParallel = 1;
				LastSwiftUpdateCheck = 1500;
				LastUpgradeCheck = 1500;
				TargetAttributes = {
					D33D0CF72AD9888300A5099A = {
						CreatedOnToolsVersion = 15.0;
					};
					D33D0D002AD9888500A5099A = {
						CreatedOnToolsVersion = 15.0;
					};
				};
			};
			buildConfigurationList = D33D0CF52AD9888300A5099A /* Build configuration list for PBXProject "It's Game Night App" */;
			compatibilityVersion = "Xcode 14.0";
			developmentRegion = en;
			hasScannedForEncodings = 0;
			knownRegions = (
				en,
				Base,
			);
			mainGroup = D33D0CF12AD9888300A5099A;
			productRefGroup = D33D0CF92AD9888300A5099A /* Products */;
			projectDirPath = "";
			projectRoot = "";
			targets = (
				D33D0CF72AD9888300A5099A /* It's Game Night App */,
				D33D0D002AD9888500A5099A /* It's Game Night App MessagesExtension */,
			);
		};
/* End PBXProject section */

/* Begin PBXResourcesBuildPhase section */
		D33D0CF62AD9888300A5099A /* Resources */ = {
			isa = PBXResourcesBuildPhase;
			buildActionMask = 2147483647;
			files = (
				D32C5EB52B13C32700E102D2 /* idk timezones.png in Resources */,
				D32C5EB02B13C32700E102D2 /* I'm so high rn.png in Resources */,
				D32C5EA82B13C32700E102D2 /* 2ndPlace.png in Resources */,
				D32C5EB12B13C32700E102D2 /* It's Gamenight.png in Resources */,
				D32C5EBA2B13C32700E102D2 /* Bad Dinner.png in Resources */,
				D32C5EB42B13C32700E102D2 /* It's Intermission.png in Resources */,
				D32C5EB62B13C32700E102D2 /* Plus Six.png in Resources */,
				D38420362BBB4D58007CFAAD /* PrivacyInfo.xcprivacy in Resources */,
				D33D0D1C2AD9890500A5099A /* Assets.xcassets in Resources */,
				D32C5EB82B13C32700E102D2 /* Blue Team.png in Resources */,
				D32C5EB22B13C32700E102D2 /* YouTried.png in Resources */,
				D32C5EB32B13C32700E102D2 /* Good Dinner.png in Resources */,
				D32C5EAE2B13C32700E102D2 /* ‎Let's Coast Logo.png in Resources */,
				D32C5EB72B13C32700E102D2 /* Youre Welcome.png in Resources */,
				D33D0CFC2AD9888500A5099A /* Assets.xcassets in Resources */,
				D32C5EAB2B13C32700E102D2 /* Red Team.png in Resources */,
				D32C5EAD2B13C32700E102D2 /* Nice Try.png in Resources */,
				D32C5EAF2B13C32700E102D2 /* Get Outta Here.png in Resources */,
				D32C5EB92B13C32700E102D2 /* 1stPlace.png in Resources */,
				D32C5EA92B13C32700E102D2 /* Did you tell them?.png in Resources */,
				D32C5EAA2B13C32700E102D2 /* Gamenight Logo.png in Resources */,
				D32C5EA72B13C32700E102D2 /* 3rdPlace.png in Resources */,
				D32C5EAC2B13C32700E102D2 /* Too Bad.png in Resources */,
			);
			runOnlyForDeploymentPostprocessing = 0;
		};
		D33D0CFF2AD9888500A5099A /* Resources */ = {
			isa = PBXResourcesBuildPhase;
			buildActionMask = 2147483647;
			files = (
				D32D7CA02D13589C0078E788 /* TriviaTableViewCell.xib in Resources */,
				D32C5EBC2B13C32700E102D2 /* 2ndPlace.png in Resources */,
				D32C5ECA2B13C32700E102D2 /* Plus Six.png in Resources */,
				D304E09D2D15E19500CB85FA /* SelectQuestionTableViewCell.xib in Resources */,
				D32C5EC62B13C32700E102D2 /* YouTried.png in Resources */,
				D32C5EBF2B13C32700E102D2 /* Red Team.png in Resources */,
				D32C5EC32B13C32700E102D2 /* Get Outta Here.png in Resources */,
				D33D0D0F2AD9888700A5099A /* Assets.xcassets in Resources */,
				D32C5EC52B13C32700E102D2 /* It's Gamenight.png in Resources */,
				D32C5ECC2B13C32700E102D2 /* Blue Team.png in Resources */,
				D3D123CB2B546F2C007E1E62 /* PollTableViewCell.xib in Resources */,
				D32C5ECD2B13C32700E102D2 /* 1stPlace.png in Resources */,
				D32C5EC92B13C32700E102D2 /* idk timezones.png in Resources */,
				D32C5EC12B13C32700E102D2 /* Nice Try.png in Resources */,
				D32C5EBB2B13C32700E102D2 /* 3rdPlace.png in Resources */,
				D35A95782D171DCC00DC714B /* CategoryTableViewCell.xib in Resources */,
				D32C5ECE2B13C32700E102D2 /* Bad Dinner.png in Resources */,
				D32C5EBD2B13C32700E102D2 /* Did you tell them?.png in Resources */,
				D380C8E62B8D290F002A3A52 /* HomeCollectionViewCell.xib in Resources */,
				D33D0D1D2AD98A6900A5099A /* Assets.xcassets in Resources */,
				D32C5ECB2B13C32700E102D2 /* Youre Welcome.png in Resources */,
				D33D0D0D2AD9888500A5099A /* MainInterface.storyboard in Resources */,
				D32C5EC72B13C32700E102D2 /* Good Dinner.png in Resources */,
				D32C5EBE2B13C32700E102D2 /* Gamenight Logo.png in Resources */,
				D32C5EC22B13C32700E102D2 /* ‎Let's Coast Logo.png in Resources */,
				D32C5EC42B13C32700E102D2 /* I'm so high rn.png in Resources */,
				D32C5EC02B13C32700E102D2 /* Too Bad.png in Resources */,
				D32C5EC82B13C32700E102D2 /* It's Intermission.png in Resources */,
			);
			runOnlyForDeploymentPostprocessing = 0;
		};
/* End PBXResourcesBuildPhase section */

/* Begin PBXShellScriptBuildPhase section */
		C0A283BA5B1BB1605DA80E68 /* [CP] Check Pods Manifest.lock */ = {
			isa = PBXShellScriptBuildPhase;
			buildActionMask = 2147483647;
			files = (
			);
			inputFileListPaths = (
			);
			inputPaths = (
				"${PODS_PODFILE_DIR_PATH}/Podfile.lock",
				"${PODS_ROOT}/Manifest.lock",
			);
			name = "[CP] Check Pods Manifest.lock";
			outputFileListPaths = (
			);
			outputPaths = (
				"$(DERIVED_FILE_DIR)/Pods-It's Game Night App MessagesExtension-checkManifestLockResult.txt",
			);
			runOnlyForDeploymentPostprocessing = 0;
			shellPath = /bin/sh;
			shellScript = "diff \"${PODS_PODFILE_DIR_PATH}/Podfile.lock\" \"${PODS_ROOT}/Manifest.lock\" > /dev/null\nif [ $? != 0 ] ; then\n    # print error to STDERR\n    echo \"error: The sandbox is not in sync with the Podfile.lock. Run 'pod install' or update your CocoaPods installation.\" >&2\n    exit 1\nfi\n# This output is used by Xcode 'outputs' to avoid re-running this script phase.\necho \"SUCCESS\" > \"${SCRIPT_OUTPUT_FILE_0}\"\n";
			showEnvVarsInLog = 0;
		};
		D9F57260B0CA4DC55E7D817D /* [CP] Check Pods Manifest.lock */ = {
			isa = PBXShellScriptBuildPhase;
			buildActionMask = 2147483647;
			files = (
			);
			inputFileListPaths = (
			);
			inputPaths = (
				"${PODS_PODFILE_DIR_PATH}/Podfile.lock",
				"${PODS_ROOT}/Manifest.lock",
			);
			name = "[CP] Check Pods Manifest.lock";
			outputFileListPaths = (
			);
			outputPaths = (
				"$(DERIVED_FILE_DIR)/Pods-It's Game Night App-checkManifestLockResult.txt",
			);
			runOnlyForDeploymentPostprocessing = 0;
			shellPath = /bin/sh;
			shellScript = "diff \"${PODS_PODFILE_DIR_PATH}/Podfile.lock\" \"${PODS_ROOT}/Manifest.lock\" > /dev/null\nif [ $? != 0 ] ; then\n    # print error to STDERR\n    echo \"error: The sandbox is not in sync with the Podfile.lock. Run 'pod install' or update your CocoaPods installation.\" >&2\n    exit 1\nfi\n# This output is used by Xcode 'outputs' to avoid re-running this script phase.\necho \"SUCCESS\" > \"${SCRIPT_OUTPUT_FILE_0}\"\n";
			showEnvVarsInLog = 0;
		};
		EA7C2CD752B941955DBE0748 /* [CP] Copy Pods Resources */ = {
			isa = PBXShellScriptBuildPhase;
			buildActionMask = 2147483647;
			files = (
			);
			inputFileListPaths = (
				"${PODS_ROOT}/Target Support Files/Pods-It's Game Night App MessagesExtension/Pods-It's Game Night App MessagesExtension-resources-${CONFIGURATION}-input-files.xcfilelist",
			);
			name = "[CP] Copy Pods Resources";
			outputFileListPaths = (
				"${PODS_ROOT}/Target Support Files/Pods-It's Game Night App MessagesExtension/Pods-It's Game Night App MessagesExtension-resources-${CONFIGURATION}-output-files.xcfilelist",
			);
			runOnlyForDeploymentPostprocessing = 0;
			shellPath = /bin/sh;
			shellScript = "\"${PODS_ROOT}/Target Support Files/Pods-It's Game Night App MessagesExtension/Pods-It's Game Night App MessagesExtension-resources.sh\"\n";
			showEnvVarsInLog = 0;
		};
/* End PBXShellScriptBuildPhase section */

/* Begin PBXSourcesBuildPhase section */
		D33D0CFD2AD9888500A5099A /* Sources */ = {
			isa = PBXSourcesBuildPhase;
			buildActionMask = 2147483647;
			files = (
				D30B792C2B0ADEE6007606C8 /* Person.swift in Sources */,
				D3D123CA2B546F2C007E1E62 /* PollTableViewCell.swift in Sources */,
				D36C19C42D0DC9360055599C /* TriviaMessage.swift in Sources */,
				D3E971C32AEEFBF600FD158F /* QueryItemRepresentable.swift in Sources */,
				D3B5871E2AF97EE700466FDE /* SystemAlerts.swift in Sources */,
				D37AD0B12B0E3D0D00D4166D /* RandomizerViewController.swift in Sources */,
				D380C8E52B8D290F002A3A52 /* HomeCollectionViewCell.swift in Sources */,
				D32C9C142AF30FF9000D25CD /* Randomizer.swift in Sources */,
				D378F25B2AE81FCB000A5654 /* GameNightInviteViewController.swift in Sources */,
				D36F0EB42B4EF0D200528DE2 /* RatingViewController.swift in Sources */,
				D3E971C52AEF11A200FD158F /* CalendarInvite.swift in Sources */,
				D304E09C2D15E19500CB85FA /* SelectQuestionTableViewCell.swift in Sources */,
				D3238FF72D88D108009F5BBD /* MyProfileViewController.swift in Sources */,
				D33D0D1B2AD988D300A5099A /* StickerViewController.swift in Sources */,
				D3A11A232BACF9A000F45EBE /* Constants.swift in Sources */,
				D378F25D2AE823A7000A5654 /* AppState.swift in Sources */,
				D393411B2D18914300640D11 /* SelectModeViewController.swift in Sources */,
				D35A95792D171DCC00DC714B /* CategoryTableViewCell.swift in Sources */,
				D36F0EB22B4EECC500528DE2 /* RateATopicViewController.swift in Sources */,
				D3A11A212BAC775600F45EBE /* SettingsViewController.swift in Sources */,
				D3E20FDB2AF53B4E00211BFD /* EventHelper.swift in Sources */,
				D3B952BA2AFB2B9B00C46330 /* CalendarViewController.swift in Sources */,
				D3CDB6212D2C9A4B00AD1FF8 /* GoogleAds.swift in Sources */,
				D32D7C9F2D13589C0078E788 /* TriviaTableViewCell.swift in Sources */,
				D37313622ADF4F0C00DC09B6 /* MessageTemplateProtocol.swift in Sources */,
				D30DC8522D2731B0001F8395 /* CoreInfoViewController.swift in Sources */,
				D36C19C92D0DD1260055599C /* CategoryViewController.swift in Sources */,
				D30B792A2B0ACC71007606C8 /* SelectPeopleViewController.swift in Sources */,
				D3B0FCDD2D1F1C210075F245 /* TriviaResultsViewController.swift in Sources */,
				D32C5ED02B13CD6500E102D2 /* PieChartView.swift in Sources */,
				D3F622242D14B8250002EDE1 /* TriviaManager.swift in Sources */,
				D36F0EAF2B4EE6FE00528DE2 /* Poll.swift in Sources */,
				D36C19C62D0DCBD20055599C /* TriviaAPIData.swift in Sources */,
				D321AA352B680502001B17EA /* PollHelper.swift in Sources */,
				D3923A7E2B54BBE3007C3553 /* Vote.swift in Sources */,
				D3F622262D14C6890002EDE1 /* TriviaModel.swift in Sources */,
				D33D0D0A2AD9888500A5099A /* MessagesViewController.swift in Sources */,
				D3D58F2D2BD075DA00626EF6 /* VoteInfoViewController.swift in Sources */,
				D3C37CB42ADC623600AEA1A5 /* HomeViewController.swift in Sources */,
				D3D7FE1A2D0F90F300B58034 /* TriviaMessageViewController.swift in Sources */,
				D3530E192D11F2190000936B /* SelectQuestionViewController.swift in Sources */,
				D3CBE7AE2B8F937D00BC53B3 /* MenuItem.swift in Sources */,
				D30374792BB3673E00E89FB7 /* Defaults.swift in Sources */,
				D3366FE82D483B3B008C627C /* UIViewExtension.swift in Sources */,
				D393411D2D18A99C00640D11 /* CreateAQuizViewController.swift in Sources */,
				D37FEC942B17BF7C00CE5B5D /* TriangleView.swift in Sources */,
				D3E955A92AE6E4040012927B /* MessageDelegate.swift in Sources */,
			);
			runOnlyForDeploymentPostprocessing = 0;
		};
/* End PBXSourcesBuildPhase section */

/* Begin PBXTargetDependency section */
		D33D0D042AD9888500A5099A /* PBXTargetDependency */ = {
			isa = PBXTargetDependency;
			target = D33D0D002AD9888500A5099A /* It's Game Night App MessagesExtension */;
			targetProxy = D33D0D032AD9888500A5099A /* PBXContainerItemProxy */;
		};
/* End PBXTargetDependency section */

/* Begin PBXVariantGroup section */
		D33D0D0B2AD9888500A5099A /* MainInterface.storyboard */ = {
			isa = PBXVariantGroup;
			children = (
				D33D0D0C2AD9888500A5099A /* Base */,
			);
			name = MainInterface.storyboard;
			sourceTree = "<group>";
		};
/* End PBXVariantGroup section */

/* Begin XCBuildConfiguration section */
		D33D0D112AD9888700A5099A /* Debug */ = {
			isa = XCBuildConfiguration;
			buildSettings = {
				ALWAYS_SEARCH_USER_PATHS = NO;
				ASSETCATALOG_COMPILER_GENERATE_SWIFT_ASSET_SYMBOL_EXTENSIONS = YES;
				CLANG_ANALYZER_NONNULL = YES;
				CLANG_ANALYZER_NUMBER_OBJECT_CONVERSION = YES_AGGRESSIVE;
				CLANG_CXX_LANGUAGE_STANDARD = "gnu++20";
				CLANG_ENABLE_MODULES = YES;
				CLANG_ENABLE_OBJC_ARC = YES;
				CLANG_ENABLE_OBJC_WEAK = YES;
				CLANG_WARN_BLOCK_CAPTURE_AUTORELEASING = YES;
				CLANG_WARN_BOOL_CONVERSION = YES;
				CLANG_WARN_COMMA = YES;
				CLANG_WARN_CONSTANT_CONVERSION = YES;
				CLANG_WARN_DEPRECATED_OBJC_IMPLEMENTATIONS = YES;
				CLANG_WARN_DIRECT_OBJC_ISA_USAGE = YES_ERROR;
				CLANG_WARN_DOCUMENTATION_COMMENTS = YES;
				CLANG_WARN_EMPTY_BODY = YES;
				CLANG_WARN_ENUM_CONVERSION = YES;
				CLANG_WARN_INFINITE_RECURSION = YES;
				CLANG_WARN_INT_CONVERSION = YES;
				CLANG_WARN_NON_LITERAL_NULL_CONVERSION = YES;
				CLANG_WARN_OBJC_IMPLICIT_RETAIN_SELF = YES;
				CLANG_WARN_OBJC_LITERAL_CONVERSION = YES;
				CLANG_WARN_OBJC_ROOT_CLASS = YES_ERROR;
				CLANG_WARN_QUOTED_INCLUDE_IN_FRAMEWORK_HEADER = YES;
				CLANG_WARN_RANGE_LOOP_ANALYSIS = YES;
				CLANG_WARN_STRICT_PROTOTYPES = YES;
				CLANG_WARN_SUSPICIOUS_MOVE = YES;
				CLANG_WARN_UNGUARDED_AVAILABILITY = YES_AGGRESSIVE;
				CLANG_WARN_UNREACHABLE_CODE = YES;
				CLANG_WARN__DUPLICATE_METHOD_MATCH = YES;
				COPY_PHASE_STRIP = NO;
				DEBUG_INFORMATION_FORMAT = dwarf;
				ENABLE_STRICT_OBJC_MSGSEND = YES;
				ENABLE_TESTABILITY = YES;
				ENABLE_USER_SCRIPT_SANDBOXING = YES;
				GCC_C_LANGUAGE_STANDARD = gnu17;
				GCC_DYNAMIC_NO_PIC = NO;
				GCC_NO_COMMON_BLOCKS = YES;
				GCC_OPTIMIZATION_LEVEL = 0;
				GCC_PREPROCESSOR_DEFINITIONS = (
					"DEBUG=1",
					"$(inherited)",
				);
				GCC_WARN_64_TO_32_BIT_CONVERSION = YES;
				GCC_WARN_ABOUT_RETURN_TYPE = YES_ERROR;
				GCC_WARN_UNDECLARED_SELECTOR = YES;
				GCC_WARN_UNINITIALIZED_AUTOS = YES_AGGRESSIVE;
				GCC_WARN_UNUSED_FUNCTION = YES;
				GCC_WARN_UNUSED_VARIABLE = YES;
				INFOPLIST_KEY_UIRequiresFullScreen = NO;
				IPHONEOS_DEPLOYMENT_TARGET = 15.4;
				LOCALIZATION_PREFERS_STRING_CATALOGS = YES;
				MTL_ENABLE_DEBUG_INFO = INCLUDE_SOURCE;
				MTL_FAST_MATH = YES;
				ONLY_ACTIVE_ARCH = YES;
				SDKROOT = iphoneos;
				SWIFT_ACTIVE_COMPILATION_CONDITIONS = "DEBUG $(inherited)";
				SWIFT_OPTIMIZATION_LEVEL = "-Onone";
			};
			name = Debug;
		};
		D33D0D122AD9888700A5099A /* Release */ = {
			isa = XCBuildConfiguration;
			buildSettings = {
				ALWAYS_SEARCH_USER_PATHS = NO;
				ASSETCATALOG_COMPILER_GENERATE_SWIFT_ASSET_SYMBOL_EXTENSIONS = YES;
				CLANG_ANALYZER_NONNULL = YES;
				CLANG_ANALYZER_NUMBER_OBJECT_CONVERSION = YES_AGGRESSIVE;
				CLANG_CXX_LANGUAGE_STANDARD = "gnu++20";
				CLANG_ENABLE_MODULES = YES;
				CLANG_ENABLE_OBJC_ARC = YES;
				CLANG_ENABLE_OBJC_WEAK = YES;
				CLANG_WARN_BLOCK_CAPTURE_AUTORELEASING = YES;
				CLANG_WARN_BOOL_CONVERSION = YES;
				CLANG_WARN_COMMA = YES;
				CLANG_WARN_CONSTANT_CONVERSION = YES;
				CLANG_WARN_DEPRECATED_OBJC_IMPLEMENTATIONS = YES;
				CLANG_WARN_DIRECT_OBJC_ISA_USAGE = YES_ERROR;
				CLANG_WARN_DOCUMENTATION_COMMENTS = YES;
				CLANG_WARN_EMPTY_BODY = YES;
				CLANG_WARN_ENUM_CONVERSION = YES;
				CLANG_WARN_INFINITE_RECURSION = YES;
				CLANG_WARN_INT_CONVERSION = YES;
				CLANG_WARN_NON_LITERAL_NULL_CONVERSION = YES;
				CLANG_WARN_OBJC_IMPLICIT_RETAIN_SELF = YES;
				CLANG_WARN_OBJC_LITERAL_CONVERSION = YES;
				CLANG_WARN_OBJC_ROOT_CLASS = YES_ERROR;
				CLANG_WARN_QUOTED_INCLUDE_IN_FRAMEWORK_HEADER = YES;
				CLANG_WARN_RANGE_LOOP_ANALYSIS = YES;
				CLANG_WARN_STRICT_PROTOTYPES = YES;
				CLANG_WARN_SUSPICIOUS_MOVE = YES;
				CLANG_WARN_UNGUARDED_AVAILABILITY = YES_AGGRESSIVE;
				CLANG_WARN_UNREACHABLE_CODE = YES;
				CLANG_WARN__DUPLICATE_METHOD_MATCH = YES;
				COPY_PHASE_STRIP = NO;
				DEBUG_INFORMATION_FORMAT = "dwarf-with-dsym";
				ENABLE_NS_ASSERTIONS = NO;
				ENABLE_STRICT_OBJC_MSGSEND = YES;
				ENABLE_USER_SCRIPT_SANDBOXING = YES;
				GCC_C_LANGUAGE_STANDARD = gnu17;
				GCC_NO_COMMON_BLOCKS = YES;
				GCC_WARN_64_TO_32_BIT_CONVERSION = YES;
				GCC_WARN_ABOUT_RETURN_TYPE = YES_ERROR;
				GCC_WARN_UNDECLARED_SELECTOR = YES;
				GCC_WARN_UNINITIALIZED_AUTOS = YES_AGGRESSIVE;
				GCC_WARN_UNUSED_FUNCTION = YES;
				GCC_WARN_UNUSED_VARIABLE = YES;
				INFOPLIST_KEY_UIRequiresFullScreen = NO;
				IPHONEOS_DEPLOYMENT_TARGET = 15.4;
				LOCALIZATION_PREFERS_STRING_CATALOGS = YES;
				MTL_ENABLE_DEBUG_INFO = NO;
				MTL_FAST_MATH = YES;
				SDKROOT = iphoneos;
				SWIFT_COMPILATION_MODE = wholemodule;
				VALIDATE_PRODUCT = YES;
			};
			name = Release;
		};
		D33D0D142AD9888700A5099A /* Debug */ = {
			isa = XCBuildConfiguration;
			baseConfigurationReference = 42F049BD7A24CEF04F2C9554 /* Pods-It's Game Night App MessagesExtension.debug.xcconfig */;
			buildSettings = {
				ASSETCATALOG_COMPILER_APPICON_NAME = "iMessage App Icon";
				CODE_SIGN_STYLE = Automatic;
				CURRENT_PROJECT_VERSION = 2;
				DEVELOPMENT_TEAM = CJD4Q393WJ;
				ENABLE_USER_SCRIPT_SANDBOXING = NO;
				GENERATE_INFOPLIST_FILE = YES;
				INFOPLIST_FILE = "gamenighttest2 MessagesExtension/Info.plist";
				INFOPLIST_KEY_CFBundleDisplayName = "It's Game Night";
				INFOPLIST_KEY_NSHumanReadableCopyright = "";
				LD_RUNPATH_SEARCH_PATHS = (
					"$(inherited)",
					"@executable_path/Frameworks",
					"@executable_path/../../Frameworks",
				);
				MARKETING_VERSION = 5.3.0;
				PRODUCT_BUNDLE_IDENTIFIER = "com.Daimen.It-s-Game-Night.MessagesExtension";
				PRODUCT_NAME = "It's Game Night";
				SKIP_INSTALL = YES;
				SWIFT_EMIT_LOC_STRINGS = YES;
				SWIFT_VERSION = 5.0;
				TARGETED_DEVICE_FAMILY = "1,2";
			};
			name = Debug;
		};
		D33D0D152AD9888700A5099A /* Release */ = {
			isa = XCBuildConfiguration;
			baseConfigurationReference = 0441A0C70D497A55C7DD7086 /* Pods-It's Game Night App MessagesExtension.release.xcconfig */;
			buildSettings = {
				ASSETCATALOG_COMPILER_APPICON_NAME = "iMessage App Icon";
				CODE_SIGN_STYLE = Automatic;
				CURRENT_PROJECT_VERSION = 2;
				DEVELOPMENT_TEAM = CJD4Q393WJ;
				ENABLE_USER_SCRIPT_SANDBOXING = NO;
				GENERATE_INFOPLIST_FILE = YES;
				INFOPLIST_FILE = "gamenighttest2 MessagesExtension/Info.plist";
				INFOPLIST_KEY_CFBundleDisplayName = "It's Game Night";
				INFOPLIST_KEY_NSHumanReadableCopyright = "";
				LD_RUNPATH_SEARCH_PATHS = (
					"$(inherited)",
					"@executable_path/Frameworks",
					"@executable_path/../../Frameworks",
				);
				MARKETING_VERSION = 5.3.0;
				PRODUCT_BUNDLE_IDENTIFIER = "com.Daimen.It-s-Game-Night.MessagesExtension";
				PRODUCT_NAME = "It's Game Night";
				SKIP_INSTALL = YES;
				SWIFT_EMIT_LOC_STRINGS = YES;
				SWIFT_VERSION = 5.0;
				TARGETED_DEVICE_FAMILY = "1,2";
			};
			name = Release;
		};
		D33D0D182AD9888700A5099A /* Debug */ = {
			isa = XCBuildConfiguration;
			baseConfigurationReference = CB6C5D21FA2726161BCC9E0A /* Pods-It's Game Night App.debug.xcconfig */;
			buildSettings = {
				ALWAYS_EMBED_SWIFT_STANDARD_LIBRARIES = YES;
				ASSETCATALOG_COMPILER_APPICON_NAME = AppIcon;
				CODE_SIGN_STYLE = Automatic;
				CURRENT_PROJECT_VERSION = 2;
				DEVELOPMENT_TEAM = CJD4Q393WJ;
				ENABLE_USER_SCRIPT_SANDBOXING = NO;
				GENERATE_INFOPLIST_FILE = YES;
				INFOPLIST_FILE = "It-s-Game-Night-App-Info.plist";
				INFOPLIST_KEY_NSCalendarsUsageDescription = "Please allow access to your Calendar app to create events.";
				INFOPLIST_KEY_NSContactsUsageDescription = "Please allow access to your Contacts to find locations linked to your contacts.";
				INFOPLIST_KEY_UILaunchStoryboardName = LaunchScreen;
				INFOPLIST_KEY_UIRequiresFullScreen = NO;
				INFOPLIST_KEY_UISupportedInterfaceOrientations_iPad = "UIInterfaceOrientationPortraitUpsideDown UIInterfaceOrientationPortrait UIInterfaceOrientationLandscapeLeft UIInterfaceOrientationPortrait";
				INFOPLIST_KEY_UISupportedInterfaceOrientations_iPhone = "UIInterfaceOrientationPortrait UIInterfaceOrientationLandscapeLeft UIInterfaceOrientationLandscapeRight";
				MARKETING_VERSION = 5.3.0;
				PRODUCT_BUNDLE_IDENTIFIER = "com.Daimen.It-s-Game-Night";
				PRODUCT_NAME = "It's Game Night";
				SWIFT_EMIT_LOC_STRINGS = YES;
				SWIFT_VERSION = 5.0;
				TARGETED_DEVICE_FAMILY = "1,2";
			};
			name = Debug;
		};
		D33D0D192AD9888700A5099A /* Release */ = {
			isa = XCBuildConfiguration;
			baseConfigurationReference = 38DE81180D2D089F276BBA37 /* Pods-It's Game Night App.release.xcconfig */;
			buildSettings = {
				ALWAYS_EMBED_SWIFT_STANDARD_LIBRARIES = YES;
				ASSETCATALOG_COMPILER_APPICON_NAME = AppIcon;
				CODE_SIGN_STYLE = Automatic;
				CURRENT_PROJECT_VERSION = 2;
				DEVELOPMENT_TEAM = CJD4Q393WJ;
				ENABLE_USER_SCRIPT_SANDBOXING = NO;
				GENERATE_INFOPLIST_FILE = YES;
				INFOPLIST_FILE = "It-s-Game-Night-App-Info.plist";
				INFOPLIST_KEY_NSCalendarsUsageDescription = "Please allow access to your Calendar app to create events.";
				INFOPLIST_KEY_NSContactsUsageDescription = "Please allow access to your Contacts to find locations linked to your contacts.";
				INFOPLIST_KEY_UILaunchStoryboardName = LaunchScreen;
				INFOPLIST_KEY_UIRequiresFullScreen = NO;
				INFOPLIST_KEY_UISupportedInterfaceOrientations_iPad = "UIInterfaceOrientationPortraitUpsideDown UIInterfaceOrientationPortrait UIInterfaceOrientationLandscapeLeft UIInterfaceOrientationPortrait";
				INFOPLIST_KEY_UISupportedInterfaceOrientations_iPhone = "UIInterfaceOrientationPortrait UIInterfaceOrientationLandscapeLeft UIInterfaceOrientationLandscapeRight";
				MARKETING_VERSION = 5.3.0;
				PRODUCT_BUNDLE_IDENTIFIER = "com.Daimen.It-s-Game-Night";
				PRODUCT_NAME = "It's Game Night";
				SWIFT_EMIT_LOC_STRINGS = YES;
				SWIFT_VERSION = 5.0;
				TARGETED_DEVICE_FAMILY = "1,2";
			};
			name = Release;
		};
/* End XCBuildConfiguration section */

/* Begin XCConfigurationList section */
		D33D0CF52AD9888300A5099A /* Build configuration list for PBXProject "It's Game Night App" */ = {
			isa = XCConfigurationList;
			buildConfigurations = (
				D33D0D112AD9888700A5099A /* Debug */,
				D33D0D122AD9888700A5099A /* Release */,
			);
			defaultConfigurationIsVisible = 0;
			defaultConfigurationName = Release;
		};
		D33D0D132AD9888700A5099A /* Build configuration list for PBXNativeTarget "It's Game Night App MessagesExtension" */ = {
			isa = XCConfigurationList;
			buildConfigurations = (
				D33D0D142AD9888700A5099A /* Debug */,
				D33D0D152AD9888700A5099A /* Release */,
			);
			defaultConfigurationIsVisible = 0;
			defaultConfigurationName = Release;
		};
		D33D0D172AD9888700A5099A /* Build configuration list for PBXNativeTarget "It's Game Night App" */ = {
			isa = XCConfigurationList;
			buildConfigurations = (
				D33D0D182AD9888700A5099A /* Debug */,
				D33D0D192AD9888700A5099A /* Release */,
			);
			defaultConfigurationIsVisible = 0;
			defaultConfigurationName = Release;
		};
/* End XCConfigurationList section */
	};
	rootObject = D33D0CF22AD9888300A5099A /* Project object */;
}
